
Microsoft Visual Studio Solution File, Format Version 12.00
# Visual Studio 2015
Project("{FAE04EC0-301F-11D3-BF4B-00C04F79EFBC}") = "glide", "glide.csproj", "{2484C8BA-004C-3485-C091-9E29FE27507B}"
EndProject
Global
	GlobalSection(SolutionConfigurationPlatforms) = preSolution
		Debug|Any CPU = Debug|Any CPU
		Release|Any CPU = Release|Any CPU
	EndGlobalSection
	GlobalSection(ProjectConfigurationPlatforms) = postSolution
		{2484C8BA-004C-3485-C091-9E29FE27507B}.Debug|Any CPU.ActiveCfg = Debug|Any CPU
		{2484C8BA-004C-3485-C091-9E29FE27507B}.Debug|Any CPU.Build.0 = Debug|Any CPU
		{2484C8BA-004C-3485-C091-9E29FE27507B}.Release|Any CPU.ActiveCfg = Release|Any CPU
		{2484C8BA-004C-3485-C091-9E29FE27507B}.Release|Any CPU.Build.0 = Release|Any CPU
	EndGlobalSection
	GlobalSection(SolutionProperties) = preSolution
		HideSolutionNode = FALSE
	EndGlobalSection
EndGlobal
